// !$*UTF8*$!
{
	archiveVersion = 1;
	classes = {
	};
	objectVersion = 46;
	objects = {

/* Begin PBXBuildFile section */
		71B166D41F2391ED00EFDFF3 /* AppDelegate.swift in Sources */ = {isa = PBXBuildFile; fileRef = 71B166D31F2391ED00EFDFF3 /* AppDelegate.swift */; };
		71B166D61F2391ED00EFDFF3 /* ViewController.swift in Sources */ = {isa = PBXBuildFile; fileRef = 71B166D51F2391ED00EFDFF3 /* ViewController.swift */; };
		71B166D91F2391ED00EFDFF3 /* Main.storyboard in Resources */ = {isa = PBXBuildFile; fileRef = 71B166D71F2391ED00EFDFF3 /* Main.storyboard */; };
		71B166DB1F2391ED00EFDFF3 /* Assets.xcassets in Resources */ = {isa = PBXBuildFile; fileRef = 71B166DA1F2391ED00EFDFF3 /* Assets.xcassets */; };
		71B166DE1F2391ED00EFDFF3 /* LaunchScreen.storyboard in Resources */ = {isa = PBXBuildFile; fileRef = 71B166DC1F2391ED00EFDFF3 /* LaunchScreen.storyboard */; };
		71B166E91F2391ED00EFDFF3 /* ImageCropperTests.swift in Sources */ = {isa = PBXBuildFile; fileRef = 71B166E81F2391ED00EFDFF3 /* ImageCropperTests.swift */; };
		71B166F41F2391ED00EFDFF3 /* ImageCropperUITests.swift in Sources */ = {isa = PBXBuildFile; fileRef = 71B166F31F2391ED00EFDFF3 /* ImageCropperUITests.swift */; };
/* End PBXBuildFile section */

/* Begin PBXContainerItemProxy section */
		71B166E51F2391ED00EFDFF3 /* PBXContainerItemProxy */ = {
			isa = PBXContainerItemProxy;
			containerPortal = 71B166C81F2391ED00EFDFF3 /* Project object */;
			proxyType = 1;
			remoteGlobalIDString = 71B166CF1F2391ED00EFDFF3;
			remoteInfo = ImageCropper;
		};
		71B166F01F2391ED00EFDFF3 /* PBXContainerItemProxy */ = {
			isa = PBXContainerItemProxy;
			containerPortal = 71B166C81F2391ED00EFDFF3 /* Project object */;
			proxyType = 1;
			remoteGlobalIDString = 71B166CF1F2391ED00EFDFF3;
			remoteInfo = ImageCropper;
		};
/* End PBXContainerItemProxy section */

/* Begin PBXFileReference section */
		71B166D01F2391ED00EFDFF3 /* ImageCropper.app */ = {isa = PBXFileReference; explicitFileType = wrapper.application; includeInIndex = 0; path = ImageCropper.app; sourceTree = BUILT_PRODUCTS_DIR; };
		71B166D31F2391ED00EFDFF3 /* AppDelegate.swift */ = {isa = PBXFileReference; lastKnownFileType = sourcecode.swift; path = AppDelegate.swift; sourceTree = "<group>"; };
		71B166D51F2391ED00EFDFF3 /* ViewController.swift */ = {isa = PBXFileReference; lastKnownFileType = sourcecode.swift; path = ViewController.swift; sourceTree = "<group>"; };
		71B166D81F2391ED00EFDFF3 /* Base */ = {isa = PBXFileReference; lastKnownFileType = file.storyboard; name = Base; path = Base.lproj/Main.storyboard; sourceTree = "<group>"; };
		71B166DA1F2391ED00EFDFF3 /* Assets.xcassets */ = {isa = PBXFileReference; lastKnownFileType = folder.assetcatalog; path = Assets.xcassets; sourceTree = "<group>"; };
		71B166DD1F2391ED00EFDFF3 /* Base */ = {isa = PBXFileReference; lastKnownFileType = file.storyboard; name = Base; path = Base.lproj/LaunchScreen.storyboard; sourceTree = "<group>"; };
		71B166DF1F2391ED00EFDFF3 /* Info.plist */ = {isa = PBXFileReference; lastKnownFileType = text.plist.xml; path = Info.plist; sourceTree = "<group>"; };
		71B166E41F2391ED00EFDFF3 /* ImageCropperTests.xctest */ = {isa = PBXFileReference; explicitFileType = wrapper.cfbundle; includeInIndex = 0; path = ImageCropperTests.xctest; sourceTree = BUILT_PRODUCTS_DIR; };
		71B166E81F2391ED00EFDFF3 /* ImageCropperTests.swift */ = {isa = PBXFileReference; lastKnownFileType = sourcecode.swift; path = ImageCropperTests.swift; sourceTree = "<group>"; };
		71B166EA1F2391ED00EFDFF3 /* Info.plist */ = {isa = PBXFileReference; lastKnownFileType = text.plist.xml; path = Info.plist; sourceTree = "<group>"; };
		71B166EF1F2391ED00EFDFF3 /* ImageCropperUITests.xctest */ = {isa = PBXFileReference; explicitFileType = wrapper.cfbundle; includeInIndex = 0; path = ImageCropperUITests.xctest; sourceTree = BUILT_PRODUCTS_DIR; };
		71B166F31F2391ED00EFDFF3 /* ImageCropperUITests.swift */ = {isa = PBXFileReference; lastKnownFileType = sourcecode.swift; path = ImageCropperUITests.swift; sourceTree = "<group>"; };
		71B166F51F2391ED00EFDFF3 /* Info.plist */ = {isa = PBXFileReference; lastKnownFileType = text.plist.xml; path = Info.plist; sourceTree = "<group>"; };
/* End PBXFileReference section */

/* Begin PBXFrameworksBuildPhase section */
		71B166CD1F2391ED00EFDFF3 /* Frameworks */ = {
			isa = PBXFrameworksBuildPhase;
			buildActionMask = 2147483647;
			files = (
			);
			runOnlyForDeploymentPostprocessing = 0;
		};
		71B166E11F2391ED00EFDFF3 /* Frameworks */ = {
			isa = PBXFrameworksBuildPhase;
			buildActionMask = 2147483647;
			files = (
			);
			runOnlyForDeploymentPostprocessing = 0;
		};
		71B166EC1F2391ED00EFDFF3 /* Frameworks */ = {
			isa = PBXFrameworksBuildPhase;
			buildActionMask = 2147483647;
			files = (
			);
			runOnlyForDeploymentPostprocessing = 0;
		};
/* End PBXFrameworksBuildPhase section */

/* Begin PBXGroup section */
		71B166C71F2391ED00EFDFF3 = {
			isa = PBXGroup;
			children = (
				71B166D21F2391ED00EFDFF3 /* ImageCropper */,
				71B166E71F2391ED00EFDFF3 /* ImageCropperTests */,
				71B166F21F2391ED00EFDFF3 /* ImageCropperUITests */,
				71B166D11F2391ED00EFDFF3 /* Products */,
			);
			sourceTree = "<group>";
		};
		71B166D11F2391ED00EFDFF3 /* Products */ = {
			isa = PBXGroup;
			children = (
				71B166D01F2391ED00EFDFF3 /* ImageCropper.app */,
				71B166E41F2391ED00EFDFF3 /* ImageCropperTests.xctest */,
				71B166EF1F2391ED00EFDFF3 /* ImageCropperUITests.xctest */,
			);
			name = Products;
			sourceTree = "<group>";
		};
		71B166D21F2391ED00EFDFF3 /* ImageCropper */ = {
			isa = PBXGroup;
			children = (
				71B166D31F2391ED00EFDFF3 /* AppDelegate.swift */,
				71B166D51F2391ED00EFDFF3 /* ViewController.swift */,
				71B166D71F2391ED00EFDFF3 /* Main.storyboard */,
				71B166DA1F2391ED00EFDFF3 /* Assets.xcassets */,
				71B166DC1F2391ED00EFDFF3 /* LaunchScreen.storyboard */,
				71B166DF1F2391ED00EFDFF3 /* Info.plist */,
			);
			path = ImageCropper;
			sourceTree = "<group>";
		};
		71B166E71F2391ED00EFDFF3 /* ImageCropperTests */ = {
			isa = PBXGroup;
			children = (
				71B166E81F2391ED00EFDFF3 /* ImageCropperTests.swift */,
				71B166EA1F2391ED00EFDFF3 /* Info.plist */,
			);
			path = ImageCropperTests;
			sourceTree = "<group>";
		};
		71B166F21F2391ED00EFDFF3 /* ImageCropperUITests */ = {
			isa = PBXGroup;
			children = (
				71B166F31F2391ED00EFDFF3 /* ImageCropperUITests.swift */,
				71B166F51F2391ED00EFDFF3 /* Info.plist */,
			);
			path = ImageCropperUITests;
			sourceTree = "<group>";
		};
/* End PBXGroup section */

/* Begin PBXNativeTarget section */
		71B166CF1F2391ED00EFDFF3 /* ImageCropper */ = {
			isa = PBXNativeTarget;
			buildConfigurationList = 71B166F81F2391ED00EFDFF3 /* Build configuration list for PBXNativeTarget "ImageCropper" */;
			buildPhases = (
				71B166CC1F2391ED00EFDFF3 /* Sources */,
				71B166CD1F2391ED00EFDFF3 /* Frameworks */,
				71B166CE1F2391ED00EFDFF3 /* Resources */,
			);
			buildRules = (
			);
			dependencies = (
			);
			name = ImageCropper;
			productName = ImageCropper;
			productReference = 71B166D01F2391ED00EFDFF3 /* ImageCropper.app */;
			productType = "com.apple.product-type.application";
		};
		71B166E31F2391ED00EFDFF3 /* ImageCropperTests */ = {
			isa = PBXNativeTarget;
			buildConfigurationList = 71B166FB1F2391ED00EFDFF3 /* Build configuration list for PBXNativeTarget "ImageCropperTests" */;
			buildPhases = (
				71B166E01F2391ED00EFDFF3 /* Sources */,
				71B166E11F2391ED00EFDFF3 /* Frameworks */,
				71B166E21F2391ED00EFDFF3 /* Resources */,
			);
			buildRules = (
			);
			dependencies = (
				71B166E61F2391ED00EFDFF3 /* PBXTargetDependency */,
			);
			name = ImageCropperTests;
			productName = ImageCropperTests;
			productReference = 71B166E41F2391ED00EFDFF3 /* ImageCropperTests.xctest */;
			productType = "com.apple.product-type.bundle.unit-test";
		};
		71B166EE1F2391ED00EFDFF3 /* ImageCropperUITests */ = {
			isa = PBXNativeTarget;
			buildConfigurationList = 71B166FE1F2391ED00EFDFF3 /* Build configuration list for PBXNativeTarget "ImageCropperUITests" */;
			buildPhases = (
				71B166EB1F2391ED00EFDFF3 /* Sources */,
				71B166EC1F2391ED00EFDFF3 /* Frameworks */,
				71B166ED1F2391ED00EFDFF3 /* Resources */,
			);
			buildRules = (
			);
			dependencies = (
				71B166F11F2391ED00EFDFF3 /* PBXTargetDependency */,
			);
			name = ImageCropperUITests;
			productName = ImageCropperUITests;
			productReference = 71B166EF1F2391ED00EFDFF3 /* ImageCropperUITests.xctest */;
			productType = "com.apple.product-type.bundle.ui-testing";
		};
/* End PBXNativeTarget section */

/* Begin PBXProject section */
		71B166C81F2391ED00EFDFF3 /* Project object */ = {
			isa = PBXProject;
			attributes = {
				LastSwiftUpdateCheck = 0710;
				LastUpgradeCheck = 0940;
				ORGANIZATIONNAME = Mostafa;
				TargetAttributes = {
					71B166CF1F2391ED00EFDFF3 = {
						CreatedOnToolsVersion = 7.1;
					};
					71B166E31F2391ED00EFDFF3 = {
						CreatedOnToolsVersion = 7.1;
						TestTargetID = 71B166CF1F2391ED00EFDFF3;
					};
					71B166EE1F2391ED00EFDFF3 = {
						CreatedOnToolsVersion = 7.1;
						TestTargetID = 71B166CF1F2391ED00EFDFF3;
					};
				};
			};
			buildConfigurationList = 71B166CB1F2391ED00EFDFF3 /* Build configuration list for PBXProject "ImageCropper" */;
			compatibilityVersion = "Xcode 3.2";
			developmentRegion = English;
			hasScannedForEncodings = 0;
			knownRegions = (
				en,
				Base,
			);
			mainGroup = 71B166C71F2391ED00EFDFF3;
			productRefGroup = 71B166D11F2391ED00EFDFF3 /* Products */;
			projectDirPath = "";
			projectRoot = "";
			targets = (
				71B166CF1F2391ED00EFDFF3 /* ImageCropper */,
				71B166E31F2391ED00EFDFF3 /* ImageCropperTests */,
				71B166EE1F2391ED00EFDFF3 /* ImageCropperUITests */,
			);
		};
/* End PBXProject section */

/* Begin PBXResourcesBuildPhase section */
		71B166CE1F2391ED00EFDFF3 /* Resources */ = {
			isa = PBXResourcesBuildPhase;
			buildActionMask = 2147483647;
			files = (
				71B166DE1F2391ED00EFDFF3 /* LaunchScreen.storyboard in Resources */,
				71B166DB1F2391ED00EFDFF3 /* Assets.xcassets in Resources */,
				71B166D91F2391ED00EFDFF3 /* Main.storyboard in Resources */,
			);
			runOnlyForDeploymentPostprocessing = 0;
		};
		71B166E21F2391ED00EFDFF3 /* Resources */ = {
			isa = PBXResourcesBuildPhase;
			buildActionMask = 2147483647;
			files = (
			);
			runOnlyForDeploymentPostprocessing = 0;
		};
		71B166ED1F2391ED00EFDFF3 /* Resources */ = {
			isa = PBXResourcesBuildPhase;
			buildActionMask = 2147483647;
			files = (
			);
			runOnlyForDeploymentPostprocessing = 0;
		};
/* End PBXResourcesBuildPhase section */

/* Begin PBXSourcesBuildPhase section */
		71B166CC1F2391ED00EFDFF3 /* Sources */ = {
			isa = PBXSourcesBuildPhase;
			buildActionMask = 2147483647;
			files = (
				71B166D61F2391ED00EFDFF3 /* ViewController.swift in Sources */,
				71B166D41F2391ED00EFDFF3 /* AppDelegate.swift in Sources */,
			);
			runOnlyForDeploymentPostprocessing = 0;
		};
		71B166E01F2391ED00EFDFF3 /* Sources */ = {
			isa = PBXSourcesBuildPhase;
			buildActionMask = 2147483647;
			files = (
				71B166E91F2391ED00EFDFF3 /* ImageCropperTests.swift in Sources */,
			);
			runOnlyForDeploymentPostprocessing = 0;
		};
		71B166EB1F2391ED00EFDFF3 /* Sources */ = {
			isa = PBXSourcesBuildPhase;
			buildActionMask = 2147483647;
			files = (
				71B166F41F2391ED00EFDFF3 /* ImageCropperUITests.swift in Sources */,
			);
			runOnlyForDeploymentPostprocessing = 0;
		};
/* End PBXSourcesBuildPhase section */

/* Begin PBXTargetDependency section */
		71B166E61F2391ED00EFDFF3 /* PBXTargetDependency */ = {
			isa = PBXTargetDependency;
			target = 71B166CF1F2391ED00EFDFF3 /* ImageCropper */;
			targetProxy = 71B166E51F2391ED00EFDFF3 /* PBXContainerItemProxy */;
		};
		71B166F11F2391ED00EFDFF3 /* PBXTargetDependency */ = {
			isa = PBXTargetDependency;
			target = 71B166CF1F2391ED00EFDFF3 /* ImageCropper */;
			targetProxy = 71B166F01F2391ED00EFDFF3 /* PBXContainerItemProxy */;
		};
/* End PBXTargetDependency section */

/* Begin PBXVariantGroup section */
		71B166D71F2391ED00EFDFF3 /* Main.storyboard */ = {
			isa = PBXVariantGroup;
			children = (
				71B166D81F2391ED00EFDFF3 /* Base */,
			);
			name = Main.storyboard;
			sourceTree = "<group>";
		};
		71B166DC1F2391ED00EFDFF3 /* LaunchScreen.storyboard */ = {
			isa = PBXVariantGroup;
			children = (
				71B166DD1F2391ED00EFDFF3 /* Base */,
			);
			name = LaunchScreen.storyboard;
			sourceTree = "<group>";
		};
/* End PBXVariantGroup section */

/* Begin XCBuildConfiguration section */
		71B166F61F2391ED00EFDFF3 /* Debug */ = {
			isa = XCBuildConfiguration;
			buildSettings = {
				ALWAYS_SEARCH_USER_PATHS = NO;
				CLANG_CXX_LANGUAGE_STANDARD = "gnu++0x";
				CLANG_CXX_LIBRARY = "libc++";
				CLANG_ENABLE_MODULES = YES;
				CLANG_ENABLE_OBJC_ARC = YES;
				CLANG_WARN_BLOCK_CAPTURE_AUTORELEASING = YES;
				CLANG_WARN_BOOL_CONVERSION = YES;
				CLANG_WARN_COMMA = YES;
				CLANG_WARN_CONSTANT_CONVERSION = YES;
				CLANG_WARN_DEPRECATED_OBJC_IMPLEMENTATIONS = YES;
				CLANG_WARN_DIRECT_OBJC_ISA_USAGE = YES_ERROR;
				CLANG_WARN_EMPTY_BODY = YES;
				CLANG_WARN_ENUM_CONVERSION = YES;
				CLANG_WARN_INFINITE_RECURSION = YES;
				CLANG_WARN_INT_CONVERSION = YES;
				CLANG_WARN_NON_LITERAL_NULL_CONVERSION = YES;
				CLANG_WARN_OBJC_IMPLICIT_RETAIN_SELF = YES;
				CLANG_WARN_OBJC_LITERAL_CONVERSION = YES;
				CLANG_WARN_OBJC_ROOT_CLASS = YES_ERROR;
				CLANG_WARN_RANGE_LOOP_ANALYSIS = YES;
				CLANG_WARN_STRICT_PROTOTYPES = YES;
				CLANG_WARN_SUSPICIOUS_MOVE = YES;
				CLANG_WARN_UNREACHABLE_CODE = YES;
				CLANG_WARN__DUPLICATE_METHOD_MATCH = YES;
				"CODE_SIGN_IDENTITY[sdk=iphoneos*]" = "iPhone Developer";
				COPY_PHASE_STRIP = NO;
				DEBUG_INFORMATION_FORMAT = dwarf;
				ENABLE_STRICT_OBJC_MSGSEND = YES;
				ENABLE_TESTABILITY = YES;
				GCC_C_LANGUAGE_STANDARD = gnu99;
				GCC_DYNAMIC_NO_PIC = NO;
				GCC_NO_COMMON_BLOCKS = YES;
				GCC_OPTIMIZATION_LEVEL = 0;
				GCC_PREPROCESSOR_DEFINITIONS = (
					"DEBUG=1",
					"$(inherited)",
				);
				GCC_WARN_64_TO_32_BIT_CONVERSION = YES;
				GCC_WARN_ABOUT_RETURN_TYPE = YES_ERROR;
				GCC_WARN_UNDECLARED_SELECTOR = YES;
				GCC_WARN_UNINITIALIZED_AUTOS = YES_AGGRESSIVE;
				GCC_WARN_UNUSED_FUNCTION = YES;
				GCC_WARN_UNUSED_VARIABLE = YES;
				IPHONEOS_DEPLOYMENT_TARGET = 9.1;
				MTL_ENABLE_DEBUG_INFO = YES;
				ONLY_ACTIVE_ARCH = YES;
				SDKROOT = iphoneos;
				SWIFT_OPTIMIZATION_LEVEL = "-Onone";
			};
			name = Debug;
		};
		71B166F71F2391ED00EFDFF3 /* Release */ = {
			isa = XCBuildConfiguration;
			buildSettings = {
				ALWAYS_SEARCH_USER_PATHS = NO;
				CLANG_CXX_LANGUAGE_STANDARD = "gnu++0x";
				CLANG_CXX_LIBRARY = "libc++";
				CLANG_ENABLE_MODULES = YES;
				CLANG_ENABLE_OBJC_ARC = YES;
				CLANG_WARN_BLOCK_CAPTURE_AUTORELEASING = YES;
				CLANG_WARN_BOOL_CONVERSION = YES;
				CLANG_WARN_COMMA = YES;
				CLANG_WARN_CONSTANT_CONVERSION = YES;
				CLANG_WARN_DEPRECATED_OBJC_IMPLEMENTATIONS = YES;
				CLANG_WARN_DIRECT_OBJC_ISA_USAGE = YES_ERROR;
				CLANG_WARN_EMPTY_BODY = YES;
				CLANG_WARN_ENUM_CONVERSION = YES;
				CLANG_WARN_INFINITE_RECURSION = YES;
				CLANG_WARN_INT_CONVERSION = YES;
				CLANG_WARN_NON_LITERAL_NULL_CONVERSION = YES;
				CLANG_WARN_OBJC_IMPLICIT_RETAIN_SELF = YES;
				CLANG_WARN_OBJC_LITERAL_CONVERSION = YES;
				CLANG_WARN_OBJC_ROOT_CLASS = YES_ERROR;
				CLANG_WARN_RANGE_LOOP_ANALYSIS = YES;
				CLANG_WARN_STRICT_PROTOTYPES = YES;
				CLANG_WARN_SUSPICIOUS_MOVE = YES;
				CLANG_WARN_UNREACHABLE_CODE = YES;
				CLANG_WARN__DUPLICATE_METHOD_MATCH = YES;
				"CODE_SIGN_IDENTITY[sdk=iphoneos*]" = "iPhone Developer";
				COPY_PHASE_STRIP = NO;
				DEBUG_INFORMATION_FORMAT = "dwarf-with-dsym";
				ENABLE_NS_ASSERTIONS = NO;
				ENABLE_STRICT_OBJC_MSGSEND = YES;
				GCC_C_LANGUAGE_STANDARD = gnu99;
				GCC_NO_COMMON_BLOCKS = YES;
				GCC_WARN_64_TO_32_BIT_CONVERSION = YES;
				GCC_WARN_ABOUT_RETURN_TYPE = YES_ERROR;
				GCC_WARN_UNDECLARED_SELECTOR = YES;
				GCC_WARN_UNINITIALIZED_AUTOS = YES_AGGRESSIVE;
				GCC_WARN_UNUSED_FUNCTION = YES;
				GCC_WARN_UNUSED_VARIABLE = YES;
				IPHONEOS_DEPLOYMENT_TARGET = 9.1;
				MTL_ENABLE_DEBUG_INFO = NO;
				SDKROOT = iphoneos;
				SWIFT_COMPILATION_MODE = wholemodule;
				VALIDATE_PRODUCT = YES;
			};
			name = Release;
		};
		71B166F91F2391ED00EFDFF3 /* Debug */ = {
			isa = XCBuildConfiguration;
			buildSettings = {
				ASSETCATALOG_COMPILER_APPICON_NAME = AppIcon;
				INFOPLIST_FILE = ImageCropper/Info.plist;
				LD_RUNPATH_SEARCH_PATHS = "$(inherited) @executable_path/Frameworks";
				PRODUCT_BUNDLE_IDENTIFIER = Mostafa.ImageCropper;
				PRODUCT_NAME = "$(TARGET_NAME)";
				SWIFT_VERSION = 4.0;
			};
			name = Debug;
		};
		71B166FA1F2391ED00EFDFF3 /* Release */ = {
			isa = XCBuildConfiguration;
			buildSettings = {
				ASSETCATALOG_COMPILER_APPICON_NAME = AppIcon;
				INFOPLIST_FILE = ImageCropper/Info.plist;
				LD_RUNPATH_SEARCH_PATHS = "$(inherited) @executable_path/Frameworks";
				PRODUCT_BUNDLE_IDENTIFIER = Mostafa.ImageCropper;
				PRODUCT_NAME = "$(TARGET_NAME)";
				SWIFT_VERSION = 4.0;
			};
			name = Release;
		};
		71B166FC1F2391ED00EFDFF3 /* Debug */ = {
			isa = XCBuildConfiguration;
			buildSettings = {
				BUNDLE_LOADER = "$(TEST_HOST)";
				INFOPLIST_FILE = ImageCropperTests/Info.plist;
				LD_RUNPATH_SEARCH_PATHS = "$(inherited) @executable_path/Frameworks @loader_path/Frameworks";
				PRODUCT_BUNDLE_IDENTIFIER = Mostafa.ImageCropperTests;
				PRODUCT_NAME = "$(TARGET_NAME)";
				TEST_HOST = "$(BUILT_PRODUCTS_DIR)/ImageCropper.app/ImageCropper";
			};
			name = Debug;
		};
		71B166FD1F2391ED00EFDFF3 /* Release */ = {
			isa = XCBuildConfiguration;
			buildSettings = {
				BUNDLE_LOADER = "$(TEST_HOST)";
				INFOPLIST_FILE = ImageCropperTests/Info.plist;
				LD_RUNPATH_SEARCH_PATHS = "$(inherited) @executable_path/Frameworks @loader_path/Frameworks";
				PRODUCT_BUNDLE_IDENTIFIER = Mostafa.ImageCropperTests;
				PRODUCT_NAME = "$(TARGET_NAME)";
				TEST_HOST = "$(BUILT_PRODUCTS_DIR)/ImageCropper.app/ImageCropper";
			};
			name = Release;
		};
		71B166FF1F2391ED00EFDFF3 /* Debug */ = {
			isa = XCBuildConfiguration;
			buildSettings = {
				INFOPLIST_FILE = ImageCropperUITests/Info.plist;
				LD_RUNPATH_SEARCH_PATHS = "$(inherited) @executable_path/Frameworks @loader_path/Frameworks";
				PRODUCT_BUNDLE_IDENTIFIER = Mostafa.ImageCropperUITests;
				PRODUCT_NAME = "$(TARGET_NAME)";
				TEST_TARGET_NAME = ImageCropper;
				USES_XCTRUNNER = YES;
			};
			name = Debug;
		};
		71B167001F2391ED00EFDFF3 /* Release */ = {
			isa = XCBuildConfiguration;
			buildSettings = {
				INFOPLIST_FILE = ImageCropperUITests/Info.plist;
				LD_RUNPATH_SEARCH_PATHS = "$(inherited) @executable_path/Frameworks @loader_path/Frameworks";
				PRODUCT_BUNDLE_IDENTIFIER = Mostafa.ImageCropperUITests;
				PRODUCT_NAME = "$(TARGET_NAME)";
				TEST_TARGET_NAME = ImageCropper;
				USES_XCTRUNNER = YES;
			};
			name = Release;
		};
/* End XCBuildConfiguration section */

/* Begin XCConfigurationList section */
		71B166CB1F2391ED00EFDFF3 /* Build configuration list for PBXProject "ImageCropper" */ = {
			isa = XCConfigurationList;
			buildConfigurations = (
				71B166F61F2391ED00EFDFF3 /* Debug */,
				71B166F71F2391ED00EFDFF3 /* Release */,
			);
			defaultConfigurationIsVisible = 0;
			defaultConfigurationName = Release;
		};
		71B166F81F2391ED00EFDFF3 /* Build configuration list for PBXNativeTarget "ImageCropper" */ = {
			isa = XCConfigurationList;
			buildConfigurations = (
				71B166F91F2391ED00EFDFF3 /* Debug */,
				71B166FA1F2391ED00EFDFF3 /* Release */,
			);
			defaultConfigurationIsVisible = 0;
			defaultConfigurationName = Release;
		};
		71B166FB1F2391ED00EFDFF3 /* Build configuration list for PBXNativeTarget "ImageCropperTests" */ = {
			isa = XCConfigurationList;
			buildConfigurations = (
				71B166FC1F2391ED00EFDFF3 /* Debug */,
				71B166FD1F2391ED00EFDFF3 /* Release */,
			);
			defaultConfigurationIsVisible = 0;
			defaultConfigurationName = Release;
		};
		71B166FE1F2391ED00EFDFF3 /* Build configuration list for PBXNativeTarget "ImageCropperUITests" */ = {
			isa = XCConfigurationList;
			buildConfigurations = (
				71B166FF1F2391ED00EFDFF3 /* Debug */,
				71B167001F2391ED00EFDFF3 /* Release */,
			);
			defaultConfigurationIsVisible = 0;
			defaultConfigurationName = Release;
		};
/* End XCConfigurationList section */
	};
	rootObject = 71B166C81F2391ED00EFDFF3 /* Project object */;
}
